
Microsoft Visual Studio Solution File, Format Version 12.00
# Visual Studio Version 17
Project("{8BC9CEB8-8B4A-11D0-8D11-00A0C91BC942}") = "ALL_BUILD", "ALL_BUILD.vcxproj", "{5CA3EB42-FA87-313F-AE3F-2193D8E26878}"
	ProjectSection(ProjectDependencies) = postProject
		{DA7C9FBD-B673-3E57-88F2-BEAE31BA2642} = {DA7C9FBD-B673-3E57-88F2-BEAE31BA2642}
		{249E8179-DE4C-3BE2-BA5A-12EE3FE882B9} = {249E8179-DE4C-3BE2-BA5A-12EE3FE882B9}
	EndProjectSection
EndProject
Project("{8BC9CEB8-8B4A-11D0-8D11-00A0C91BC942}") = "ZERO_CHECK", "ZERO_CHECK.vcxproj", "{DA7C9FBD-B673-3E57-88F2-BEAE31BA2642}"
	ProjectSection(ProjectDependencies) = postProject
	EndProjectSection
EndProject
Project("{8BC9CEB8-8B4A-11D0-8D11-00A0C91BC942}") = "bsc", "bsc.vcxproj", "{249E8179-DE4C-3BE2-BA5A-12EE3FE882B9}"
	ProjectSection(ProjectDependencies) = postProject
		{DA7C9FBD-B673-3E57-88F2-BEAE31BA2642} = {DA7C9FBD-B673-3E57-88F2-BEAE31BA2642}
	EndProjectSection
EndProject
Global
	GlobalSection(SolutionConfigurationPlatforms) = preSolution
		Debug|x64 = Debug|x64
		Release|x64 = Release|x64
		MinSizeRel|x64 = MinSizeRel|x64
		RelWithDebInfo|x64 = RelWithDebInfo|x64
	EndGlobalSection
	GlobalSection(ProjectConfigurationPlatforms) = postSolution
		{5CA3EB42-FA87-313F-AE3F-2193D8E26878}.Debug|x64.ActiveCfg = Debug|x64
		{5CA3EB42-FA87-313F-AE3F-2193D8E26878}.Release|x64.ActiveCfg = Release|x64
		{5CA3EB42-FA87-313F-AE3F-2193D8E26878}.MinSizeRel|x64.ActiveCfg = MinSizeRel|x64
		{5CA3EB42-FA87-313F-AE3F-2193D8E26878}.RelWithDebInfo|x64.ActiveCfg = RelWithDebInfo|x64
		{DA7C9FBD-B673-3E57-88F2-BEAE31BA2642}.Debug|x64.ActiveCfg = Debug|x64
		{DA7C9FBD-B673-3E57-88F2-BEAE31BA2642}.Debug|x64.Build.0 = Debug|x64
		{DA7C9FBD-B673-3E57-88F2-BEAE31BA2642}.Release|x64.ActiveCfg = Release|x64
		{DA7C9FBD-B673-3E57-88F2-BEAE31BA2642}.Release|x64.Build.0 = Release|x64
		{DA7C9FBD-B673-3E57-88F2-BEAE31BA2642}.MinSizeRel|x64.ActiveCfg = MinSizeRel|x64
		{DA7C9FBD-B673-3E57-88F2-BEAE31BA2642}.MinSizeRel|x64.Build.0 = MinSizeRel|x64
		{DA7C9FBD-B673-3E57-88F2-BEAE31BA2642}.RelWithDebInfo|x64.ActiveCfg = RelWithDebInfo|x64
		{DA7C9FBD-B673-3E57-88F2-BEAE31BA2642}.RelWithDebInfo|x64.Build.0 = RelWithDebInfo|x64
		{249E8179-DE4C-3BE2-BA5A-12EE3FE882B9}.Debug|x64.ActiveCfg = Debug|x64
		{249E8179-DE4C-3BE2-BA5A-12EE3FE882B9}.Debug|x64.Build.0 = Debug|x64
		{249E8179-DE4C-3BE2-BA5A-12EE3FE882B9}.Release|x64.ActiveCfg = Release|x64
		{249E8179-DE4C-3BE2-BA5A-12EE3FE882B9}.Release|x64.Build.0 = Release|x64
		{249E8179-DE4C-3BE2-BA5A-12EE3FE882B9}.MinSizeRel|x64.ActiveCfg = MinSizeRel|x64
		{249E8179-DE4C-3BE2-BA5A-12EE3FE882B9}.MinSizeRel|x64.Build.0 = MinSizeRel|x64
		{249E8179-DE4C-3BE2-BA5A-12EE3FE882B9}.RelWithDebInfo|x64.ActiveCfg = RelWithDebInfo|x64
		{249E8179-DE4C-3BE2-BA5A-12EE3FE882B9}.RelWithDebInfo|x64.Build.0 = RelWithDebInfo|x64
	EndGlobalSection
	GlobalSection(ExtensibilityGlobals) = postSolution
		SolutionGuid = {14F5BC29-9592-3BD5-A076-4516FE4A4EAD}
	EndGlobalSection
	GlobalSection(ExtensibilityAddIns) = postSolution
	EndGlobalSection
EndGlobal
